// !$*UTF8*$!
{
	archiveVersion = 1;
	classes = {
	};
	objectVersion = 56;
	objects = {

/* Begin PBXBuildFile section */
		781DEFC32C99994300B05723 /* LandmarkList.swift in Sources */ = {isa = PBXBuildFile; fileRef = 781DEFC22C99994300B05723 /* LandmarkList.swift */; };
		781DEFC52C999B3900B05723 /* LandmarkDetail.swift in Sources */ = {isa = PBXBuildFile; fileRef = 781DEFC42C999B3900B05723 /* LandmarkDetail.swift */; };
		781DEFC72C99AFD300B05723 /* FavoriteButton.swift in Sources */ = {isa = PBXBuildFile; fileRef = 781DEFC62C99AFD300B05723 /* FavoriteButton.swift */; };
		781DEFCB2C99B26400B05723 /* HexagonParameters.swift in Sources */ = {isa = PBXBuildFile; fileRef = 781DEFCA2C99B26400B05723 /* HexagonParameters.swift */; };
		781DEFCE2C99B2B600B05723 /* BadgeBackground.swift in Sources */ = {isa = PBXBuildFile; fileRef = 781DEFCD2C99B2B600B05723 /* BadgeBackground.swift */; };
		781DEFD02C99B39800B05723 /* BadgeSymbol.swift in Sources */ = {isa = PBXBuildFile; fileRef = 781DEFCF2C99B39800B05723 /* BadgeSymbol.swift */; };
		781DEFD22C99B3D100B05723 /* RotatedBadgeSymbol.swift in Sources */ = {isa = PBXBuildFile; fileRef = 781DEFD12C99B3D100B05723 /* RotatedBadgeSymbol.swift */; };
		781DEFD42C99B3EA00B05723 /* Badge.swift in Sources */ = {isa = PBXBuildFile; fileRef = 781DEFD32C99B3EA00B05723 /* Badge.swift */; };
		78843E4A2C9990410021B01A /* Landmark2App.swift in Sources */ = {isa = PBXBuildFile; fileRef = 78843E492C9990410021B01A /* Landmark2App.swift */; };
		78843E4C2C9990410021B01A /* ContentView.swift in Sources */ = {isa = PBXBuildFile; fileRef = 78843E4B2C9990410021B01A /* ContentView.swift */; };
		78843E4E2C9990420021B01A /* Assets.xcassets in Resources */ = {isa = PBXBuildFile; fileRef = 78843E4D2C9990420021B01A /* Assets.xcassets */; };
		78843E512C9990420021B01A /* Preview Assets.xcassets in Resources */ = {isa = PBXBuildFile; fileRef = 78843E502C9990420021B01A /* Preview Assets.xcassets */; };
		78843E582C99927A0021B01A /* CircleImage.swift in Sources */ = {isa = PBXBuildFile; fileRef = 78843E572C99927A0021B01A /* CircleImage.swift */; };
		78843E5A2C9992F40021B01A /* MapView.swift in Sources */ = {isa = PBXBuildFile; fileRef = 78843E592C9992F40021B01A /* MapView.swift */; };
		78843E5C2C9996560021B01A /* landmarkData.json in Resources */ = {isa = PBXBuildFile; fileRef = 78843E5B2C9996560021B01A /* landmarkData.json */; };
		78843E5E2C9996A10021B01A /* Landmark.swift in Sources */ = {isa = PBXBuildFile; fileRef = 78843E5D2C9996A10021B01A /* Landmark.swift */; };
		78843E602C99978D0021B01A /* ModelData.swift in Sources */ = {isa = PBXBuildFile; fileRef = 78843E5F2C99978D0021B01A /* ModelData.swift */; };
		78843E642C9998590021B01A /* LandmarkRow.swift in Sources */ = {isa = PBXBuildFile; fileRef = 78843E632C9998590021B01A /* LandmarkRow.swift */; };
/* End PBXBuildFile section */

/* Begin PBXFileReference section */
		781DEFC22C99994300B05723 /* LandmarkList.swift */ = {isa = PBXFileReference; lastKnownFileType = sourcecode.swift; path = LandmarkList.swift; sourceTree = "<group>"; };
		781DEFC42C999B3900B05723 /* LandmarkDetail.swift */ = {isa = PBXFileReference; lastKnownFileType = sourcecode.swift; path = LandmarkDetail.swift; sourceTree = "<group>"; };
		781DEFC62C99AFD300B05723 /* FavoriteButton.swift */ = {isa = PBXFileReference; lastKnownFileType = sourcecode.swift; path = FavoriteButton.swift; sourceTree = "<group>"; };
		781DEFCA2C99B26400B05723 /* HexagonParameters.swift */ = {isa = PBXFileReference; lastKnownFileType = sourcecode.swift; path = HexagonParameters.swift; sourceTree = "<group>"; };
		781DEFCD2C99B2B600B05723 /* BadgeBackground.swift */ = {isa = PBXFileReference; lastKnownFileType = sourcecode.swift; path = BadgeBackground.swift; sourceTree = "<group>"; };
		781DEFCF2C99B39800B05723 /* BadgeSymbol.swift */ = {isa = PBXFileReference; lastKnownFileType = sourcecode.swift; path = BadgeSymbol.swift; sourceTree = "<group>"; };
		781DEFD12C99B3D100B05723 /* RotatedBadgeSymbol.swift */ = {isa = PBXFileReference; lastKnownFileType = sourcecode.swift; path = RotatedBadgeSymbol.swift; sourceTree = "<group>"; };
		781DEFD32C99B3EA00B05723 /* Badge.swift */ = {isa = PBXFileReference; lastKnownFileType = sourcecode.swift; path = Badge.swift; sourceTree = "<group>"; };
		78843E462C9990410021B01A /* Landmark2.app */ = {isa = PBXFileReference; explicitFileType = wrapper.application; includeInIndex = 0; path = Landmark2.app; sourceTree = BUILT_PRODUCTS_DIR; };
		78843E492C9990410021B01A /* Landmark2App.swift */ = {isa = PBXFileReference; lastKnownFileType = sourcecode.swift; path = Landmark2App.swift; sourceTree = "<group>"; };
		78843E4B2C9990410021B01A /* ContentView.swift */ = {isa = PBXFileReference; lastKnownFileType = sourcecode.swift; path = ContentView.swift; sourceTree = "<group>"; };
		78843E4D2C9990420021B01A /* Assets.xcassets */ = {isa = PBXFileReference; lastKnownFileType = folder.assetcatalog; path = Assets.xcassets; sourceTree = "<group>"; };
		78843E502C9990420021B01A /* Preview Assets.xcassets */ = {isa = PBXFileReference; lastKnownFileType = folder.assetcatalog; path = "Preview Assets.xcassets"; sourceTree = "<group>"; };
		78843E572C99927A0021B01A /* CircleImage.swift */ = {isa = PBXFileReference; lastKnownFileType = sourcecode.swift; path = CircleImage.swift; sourceTree = "<group>"; };
		78843E592C9992F40021B01A /* MapView.swift */ = {isa = PBXFileReference; lastKnownFileType = sourcecode.swift; path = MapView.swift; sourceTree = "<group>"; };
		78843E5B2C9996560021B01A /* landmarkData.json */ = {isa = PBXFileReference; fileEncoding = 4; lastKnownFileType = text.json; path = landmarkData.json; sourceTree = "<group>"; };
		78843E5D2C9996A10021B01A /* Landmark.swift */ = {isa = PBXFileReference; lastKnownFileType = sourcecode.swift; path = Landmark.swift; sourceTree = "<group>"; };
		78843E5F2C99978D0021B01A /* ModelData.swift */ = {isa = PBXFileReference; lastKnownFileType = sourcecode.swift; path = ModelData.swift; sourceTree = "<group>"; };
		78843E632C9998590021B01A /* LandmarkRow.swift */ = {isa = PBXFileReference; lastKnownFileType = sourcecode.swift; path = LandmarkRow.swift; sourceTree = "<group>"; };
/* End PBXFileReference section */

/* Begin PBXFrameworksBuildPhase section */
		78843E432C9990410021B01A /* Frameworks */ = {
			isa = PBXFrameworksBuildPhase;
			buildActionMask = 2147483647;
			files = (
			);
			runOnlyForDeploymentPostprocessing = 0;
		};
/* End PBXFrameworksBuildPhase section */

/* Begin PBXGroup section */
		781DEFC82C99B07400B05723 /* Landmarks */ = {
			isa = PBXGroup;
			children = (
				78843E632C9998590021B01A /* LandmarkRow.swift */,
				781DEFC22C99994300B05723 /* LandmarkList.swift */,
				781DEFC42C999B3900B05723 /* LandmarkDetail.swift */,
			);
			path = Landmarks;
			sourceTree = "<group>";
		};
		781DEFC92C99B08D00B05723 /* Helper */ = {
			isa = PBXGroup;
			children = (
				78843E572C99927A0021B01A /* CircleImage.swift */,
				78843E592C9992F40021B01A /* MapView.swift */,
				781DEFC62C99AFD300B05723 /* FavoriteButton.swift */,
			);
			path = Helper;
			sourceTree = "<group>";
		};
		781DEFCC2C99B29A00B05723 /* Badge */ = {
			isa = PBXGroup;
			children = (
				781DEFCD2C99B2B600B05723 /* BadgeBackground.swift */,
				781DEFCF2C99B39800B05723 /* BadgeSymbol.swift */,
				781DEFD12C99B3D100B05723 /* RotatedBadgeSymbol.swift */,
				781DEFD32C99B3EA00B05723 /* Badge.swift */,
			);
			path = Badge;
			sourceTree = "<group>";
		};
		78843E3D2C9990400021B01A = {
			isa = PBXGroup;
			children = (
				78843E482C9990410021B01A /* Landmark2 */,
				78843E472C9990410021B01A /* Products */,
			);
			sourceTree = "<group>";
		};
		78843E472C9990410021B01A /* Products */ = {
			isa = PBXGroup;
			children = (
				78843E462C9990410021B01A /* Landmark2.app */,
			);
			name = Products;
			sourceTree = "<group>";
		};
		78843E482C9990410021B01A /* Landmark2 */ = {
			isa = PBXGroup;
			children = (
				78843E492C9990410021B01A /* Landmark2App.swift */,
				78843E612C9998270021B01A /* Views */,
				78843E622C9998310021B01A /* Model */,
				78843E4D2C9990420021B01A /* Assets.xcassets */,
				78843E5B2C9996560021B01A /* landmarkData.json */,
				78843E4F2C9990420021B01A /* Preview Content */,
			);
			path = Landmark2;
			sourceTree = "<group>";
		};
		78843E4F2C9990420021B01A /* Preview Content */ = {
			isa = PBXGroup;
			children = (
				78843E502C9990420021B01A /* Preview Assets.xcassets */,
			);
			path = "Preview Content";
			sourceTree = "<group>";
		};
		78843E612C9998270021B01A /* Views */ = {
			isa = PBXGroup;
			children = (
				78843E4B2C9990410021B01A /* ContentView.swift */,
				781DEFC82C99B07400B05723 /* Landmarks */,
				781DEFC92C99B08D00B05723 /* Helper */,
				781DEFCC2C99B29A00B05723 /* Badge */,
			);
			path = Views;
			sourceTree = "<group>";
		};
		78843E622C9998310021B01A /* Model */ = {
			isa = PBXGroup;
			children = (
				78843E5D2C9996A10021B01A /* Landmark.swift */,
				78843E5F2C99978D0021B01A /* ModelData.swift */,
				781DEFCA2C99B26400B05723 /* HexagonParameters.swift */,
			);
			path = Model;
			sourceTree = "<group>";
		};
/* End PBXGroup section */

/* Begin PBXNativeTarget section */
		78843E452C9990410021B01A /* Landmark2 */ = {
			isa = PBXNativeTarget;
			buildConfigurationList = 78843E542C9990420021B01A /* Build configuration list for PBXNativeTarget "Landmark2" */;
			buildPhases = (
				78843E422C9990410021B01A /* Sources */,
				78843E432C9990410021B01A /* Frameworks */,
				78843E442C9990410021B01A /* Resources */,
			);
			buildRules = (
			);
			dependencies = (
			);
			name = Landmark2;
			productName = Landmark2;
			productReference = 78843E462C9990410021B01A /* Landmark2.app */;
			productType = "com.apple.product-type.application";
		};
/* End PBXNativeTarget section */

/* Begin PBXProject section */
		78843E3E2C9990400021B01A /* Project object */ = {
			isa = PBXProject;
			attributes = {
				BuildIndependentTargetsInParallel = 1;
				LastSwiftUpdateCheck = 1500;
				LastUpgradeCheck = 1500;
				TargetAttributes = {
					78843E452C9990410021B01A = {
						CreatedOnToolsVersion = 15.0;
					};
				};
			};
			buildConfigurationList = 78843E412C9990400021B01A /* Build configuration list for PBXProject "Landmark2" */;
			compatibilityVersion = "Xcode 14.0";
			developmentRegion = en;
			hasScannedForEncodings = 0;
			knownRegions = (
				en,
				Base,
			);
			mainGroup = 78843E3D2C9990400021B01A;
			productRefGroup = 78843E472C9990410021B01A /* Products */;
			projectDirPath = "";
			projectRoot = "";
			targets = (
				78843E452C9990410021B01A /* Landmark2 */,
			);
		};
/* End PBXProject section */

/* Begin PBXResourcesBuildPhase section */
		78843E442C9990410021B01A /* Resources */ = {
			isa = PBXResourcesBuildPhase;
			buildActionMask = 2147483647;
			files = (
				78843E512C9990420021B01A /* Preview Assets.xcassets in Resources */,
				78843E4E2C9990420021B01A /* Assets.xcassets in Resources */,
				78843E5C2C9996560021B01A /* landmarkData.json in Resources */,
			);
			runOnlyForDeploymentPostprocessing = 0;
		};
/* End PBXResourcesBuildPhase section */

/* Begin PBXSourcesBuildPhase section */
		78843E422C9990410021B01A /* Sources */ = {
			isa = PBXSourcesBuildPhase;
			buildActionMask = 2147483647;
			files = (
				78843E4C2C9990410021B01A /* ContentView.swift in Sources */,
				781DEFD42C99B3EA00B05723 /* Badge.swift in Sources */,
				78843E5A2C9992F40021B01A /* MapView.swift in Sources */,
				78843E4A2C9990410021B01A /* Landmark2App.swift in Sources */,
				781DEFC72C99AFD300B05723 /* FavoriteButton.swift in Sources */,
				781DEFCB2C99B26400B05723 /* HexagonParameters.swift in Sources */,
				781DEFD22C99B3D100B05723 /* RotatedBadgeSymbol.swift in Sources */,
				781DEFD02C99B39800B05723 /* BadgeSymbol.swift in Sources */,
				781DEFC32C99994300B05723 /* LandmarkList.swift in Sources */,
				781DEFC52C999B3900B05723 /* LandmarkDetail.swift in Sources */,
				781DEFCE2C99B2B600B05723 /* BadgeBackground.swift in Sources */,
				78843E582C99927A0021B01A /* CircleImage.swift in Sources */,
				78843E5E2C9996A10021B01A /* Landmark.swift in Sources */,
				78843E642C9998590021B01A /* LandmarkRow.swift in Sources */,
				78843E602C99978D0021B01A /* ModelData.swift in Sources */,
			);
			runOnlyForDeploymentPostprocessing = 0;
		};
/* End PBXSourcesBuildPhase section */

/* Begin XCBuildConfiguration section */
		78843E522C9990420021B01A /* Debug */ = {
			isa = XCBuildConfiguration;
			buildSettings = {
				ALWAYS_SEARCH_USER_PATHS = NO;
				ASSETCATALOG_COMPILER_GENERATE_SWIFT_ASSET_SYMBOL_EXTENSIONS = YES;
				CLANG_ANALYZER_NONNULL = YES;
				CLANG_ANALYZER_NUMBER_OBJECT_CONVERSION = YES_AGGRESSIVE;
				CLANG_CXX_LANGUAGE_STANDARD = "gnu++20";
				CLANG_ENABLE_MODULES = YES;
				CLANG_ENABLE_OBJC_ARC = YES;
				CLANG_ENABLE_OBJC_WEAK = YES;
				CLANG_WARN_BLOCK_CAPTURE_AUTORELEASING = YES;
				CLANG_WARN_BOOL_CONVERSION = YES;
				CLANG_WARN_COMMA = YES;
				CLANG_WARN_CONSTANT_CONVERSION = YES;
				CLANG_WARN_DEPRECATED_OBJC_IMPLEMENTATIONS = YES;
				CLANG_WARN_DIRECT_OBJC_ISA_USAGE = YES_ERROR;
				CLANG_WARN_DOCUMENTATION_COMMENTS = YES;
				CLANG_WARN_EMPTY_BODY = YES;
				CLANG_WARN_ENUM_CONVERSION = YES;
				CLANG_WARN_INFINITE_RECURSION = YES;
				CLANG_WARN_INT_CONVERSION = YES;
				CLANG_WARN_NON_LITERAL_NULL_CONVERSION = YES;
				CLANG_WARN_OBJC_IMPLICIT_RETAIN_SELF = YES;
				CLANG_WARN_OBJC_LITERAL_CONVERSION = YES;
				CLANG_WARN_OBJC_ROOT_CLASS = YES_ERROR;
				CLANG_WARN_QUOTED_INCLUDE_IN_FRAMEWORK_HEADER = YES;
				CLANG_WARN_RANGE_LOOP_ANALYSIS = YES;
				CLANG_WARN_STRICT_PROTOTYPES = YES;
				CLANG_WARN_SUSPICIOUS_MOVE = YES;
				CLANG_WARN_UNGUARDED_AVAILABILITY = YES_AGGRESSIVE;
				CLANG_WARN_UNREACHABLE_CODE = YES;
				CLANG_WARN__DUPLICATE_METHOD_MATCH = YES;
				COPY_PHASE_STRIP = NO;
				DEBUG_INFORMATION_FORMAT = dwarf;
				ENABLE_STRICT_OBJC_MSGSEND = YES;
				ENABLE_TESTABILITY = YES;
				ENABLE_USER_SCRIPT_SANDBOXING = YES;
				GCC_C_LANGUAGE_STANDARD = gnu17;
				GCC_DYNAMIC_NO_PIC = NO;
				GCC_NO_COMMON_BLOCKS = YES;
				GCC_OPTIMIZATION_LEVEL = 0;
				GCC_PREPROCESSOR_DEFINITIONS = (
					"DEBUG=1",
					"$(inherited)",
				);
				GCC_WARN_64_TO_32_BIT_CONVERSION = YES;
				GCC_WARN_ABOUT_RETURN_TYPE = YES_ERROR;
				GCC_WARN_UNDECLARED_SELECTOR = YES;
				GCC_WARN_UNINITIALIZED_AUTOS = YES_AGGRESSIVE;
				GCC_WARN_UNUSED_FUNCTION = YES;
				GCC_WARN_UNUSED_VARIABLE = YES;
				IPHONEOS_DEPLOYMENT_TARGET = 17.0;
				LOCALIZATION_PREFERS_STRING_CATALOGS = YES;
				MTL_ENABLE_DEBUG_INFO = INCLUDE_SOURCE;
				MTL_FAST_MATH = YES;
				ONLY_ACTIVE_ARCH = YES;
				SDKROOT = iphoneos;
				SWIFT_ACTIVE_COMPILATION_CONDITIONS = "DEBUG $(inherited)";
				SWIFT_OPTIMIZATION_LEVEL = "-Onone";
			};
			name = Debug;
		};
		78843E532C9990420021B01A /* Release */ = {
			isa = XCBuildConfiguration;
			buildSettings = {
				ALWAYS_SEARCH_USER_PATHS = NO;
				ASSETCATALOG_COMPILER_GENERATE_SWIFT_ASSET_SYMBOL_EXTENSIONS = YES;
				CLANG_ANALYZER_NONNULL = YES;
				CLANG_ANALYZER_NUMBER_OBJECT_CONVERSION = YES_AGGRESSIVE;
				CLANG_CXX_LANGUAGE_STANDARD = "gnu++20";
				CLANG_ENABLE_MODULES = YES;
				CLANG_ENABLE_OBJC_ARC = YES;
				CLANG_ENABLE_OBJC_WEAK = YES;
				CLANG_WARN_BLOCK_CAPTURE_AUTORELEASING = YES;
				CLANG_WARN_BOOL_CONVERSION = YES;
				CLANG_WARN_COMMA = YES;
				CLANG_WARN_CONSTANT_CONVERSION = YES;
				CLANG_WARN_DEPRECATED_OBJC_IMPLEMENTATIONS = YES;
				CLANG_WARN_DIRECT_OBJC_ISA_USAGE = YES_ERROR;
				CLANG_WARN_DOCUMENTATION_COMMENTS = YES;
				CLANG_WARN_EMPTY_BODY = YES;
				CLANG_WARN_ENUM_CONVERSION = YES;
				CLANG_WARN_INFINITE_RECURSION = YES;
				CLANG_WARN_INT_CONVERSION = YES;
				CLANG_WARN_NON_LITERAL_NULL_CONVERSION = YES;
				CLANG_WARN_OBJC_IMPLICIT_RETAIN_SELF = YES;
				CLANG_WARN_OBJC_LITERAL_CONVERSION = YES;
				CLANG_WARN_OBJC_ROOT_CLASS = YES_ERROR;
				CLANG_WARN_QUOTED_INCLUDE_IN_FRAMEWORK_HEADER = YES;
				CLANG_WARN_RANGE_LOOP_ANALYSIS = YES;
				CLANG_WARN_STRICT_PROTOTYPES = YES;
				CLANG_WARN_SUSPICIOUS_MOVE = YES;
				CLANG_WARN_UNGUARDED_AVAILABILITY = YES_AGGRESSIVE;
				CLANG_WARN_UNREACHABLE_CODE = YES;
				CLANG_WARN__DUPLICATE_METHOD_MATCH = YES;
				COPY_PHASE_STRIP = NO;
				DEBUG_INFORMATION_FORMAT = "dwarf-with-dsym";
				ENABLE_NS_ASSERTIONS = NO;
				ENABLE_STRICT_OBJC_MSGSEND = YES;
				ENABLE_USER_SCRIPT_SANDBOXING = YES;
				GCC_C_LANGUAGE_STANDARD = gnu17;
				GCC_NO_COMMON_BLOCKS = YES;
				GCC_WARN_64_TO_32_BIT_CONVERSION = YES;
				GCC_WARN_ABOUT_RETURN_TYPE = YES_ERROR;
				GCC_WARN_UNDECLARED_SELECTOR = YES;
				GCC_WARN_UNINITIALIZED_AUTOS = YES_AGGRESSIVE;
				GCC_WARN_UNUSED_FUNCTION = YES;
				GCC_WARN_UNUSED_VARIABLE = YES;
				IPHONEOS_DEPLOYMENT_TARGET = 17.0;
				LOCALIZATION_PREFERS_STRING_CATALOGS = YES;
				MTL_ENABLE_DEBUG_INFO = NO;
				MTL_FAST_MATH = YES;
				SDKROOT = iphoneos;
				SWIFT_COMPILATION_MODE = wholemodule;
				VALIDATE_PRODUCT = YES;
			};
			name = Release;
		};
		78843E552C9990420021B01A /* Debug */ = {
			isa = XCBuildConfiguration;
			buildSettings = {
				ASSETCATALOG_COMPILER_APPICON_NAME = AppIcon;
				ASSETCATALOG_COMPILER_GLOBAL_ACCENT_COLOR_NAME = AccentColor;
				CODE_SIGN_STYLE = Automatic;
				CURRENT_PROJECT_VERSION = 1;
				DEVELOPMENT_ASSET_PATHS = "\"Landmark2/Preview Content\"";
				DEVELOPMENT_TEAM = 3ZYNC2J93W;
				ENABLE_PREVIEWS = YES;
				GENERATE_INFOPLIST_FILE = YES;
				INFOPLIST_KEY_UIApplicationSceneManifest_Generation = YES;
				INFOPLIST_KEY_UIApplicationSupportsIndirectInputEvents = YES;
				INFOPLIST_KEY_UILaunchScreen_Generation = YES;
				INFOPLIST_KEY_UISupportedInterfaceOrientations_iPad = "UIInterfaceOrientationPortrait UIInterfaceOrientationPortraitUpsideDown UIInterfaceOrientationLandscapeLeft UIInterfaceOrientationLandscapeRight";
				INFOPLIST_KEY_UISupportedInterfaceOrientations_iPhone = "UIInterfaceOrientationPortrait UIInterfaceOrientationLandscapeLeft UIInterfaceOrientationLandscapeRight";
				LD_RUNPATH_SEARCH_PATHS = (
					"$(inherited)",
					"@executable_path/Frameworks",
				);
				MARKETING_VERSION = 1.0;
				PRODUCT_BUNDLE_IDENTIFIER = Allecords.Landmark2;
				PRODUCT_NAME = "$(TARGET_NAME)";
				SWIFT_EMIT_LOC_STRINGS = YES;
				SWIFT_VERSION = 5.0;
				TARGETED_DEVICE_FAMILY = "1,2";
			};
			name = Debug;
		};
		78843E562C9990420021B01A /* Release */ = {
			isa = XCBuildConfiguration;
			buildSettings = {
				ASSETCATALOG_COMPILER_APPICON_NAME = AppIcon;
				ASSETCATALOG_COMPILER_GLOBAL_ACCENT_COLOR_NAME = AccentColor;
				CODE_SIGN_STYLE = Automatic;
				CURRENT_PROJECT_VERSION = 1;
				DEVELOPMENT_ASSET_PATHS = "\"Landmark2/Preview Content\"";
				DEVELOPMENT_TEAM = 3ZYNC2J93W;
				ENABLE_PREVIEWS = YES;
				GENERATE_INFOPLIST_FILE = YES;
				INFOPLIST_KEY_UIApplicationSceneManifest_Generation = YES;
				INFOPLIST_KEY_UIApplicationSupportsIndirectInputEvents = YES;
				INFOPLIST_KEY_UILaunchScreen_Generation = YES;
				INFOPLIST_KEY_UISupportedInterfaceOrientations_iPad = "UIInterfaceOrientationPortrait UIInterfaceOrientationPortraitUpsideDown UIInterfaceOrientationLandscapeLeft UIInterfaceOrientationLandscapeRight";
				INFOPLIST_KEY_UISupportedInterfaceOrientations_iPhone = "UIInterfaceOrientationPortrait UIInterfaceOrientationLandscapeLeft UIInterfaceOrientationLandscapeRight";
				LD_RUNPATH_SEARCH_PATHS = (
					"$(inherited)",
					"@executable_path/Frameworks",
				);
				MARKETING_VERSION = 1.0;
				PRODUCT_BUNDLE_IDENTIFIER = Allecords.Landmark2;
				PRODUCT_NAME = "$(TARGET_NAME)";
				SWIFT_EMIT_LOC_STRINGS = YES;
				SWIFT_VERSION = 5.0;
				TARGETED_DEVICE_FAMILY = "1,2";
			};
			name = Release;
		};
/* End XCBuildConfiguration section */

/* Begin XCConfigurationList section */
		78843E412C9990400021B01A /* Build configuration list for PBXProject "Landmark2" */ = {
			isa = XCConfigurationList;
			buildConfigurations = (
				78843E522C9990420021B01A /* Debug */,
				78843E532C9990420021B01A /* Release */,
			);
			defaultConfigurationIsVisible = 0;
			defaultConfigurationName = Release;
		};
		78843E542C9990420021B01A /* Build configuration list for PBXNativeTarget "Landmark2" */ = {
			isa = XCConfigurationList;
			buildConfigurations = (
				78843E552C9990420021B01A /* Debug */,
				78843E562C9990420021B01A /* Release */,
			);
			defaultConfigurationIsVisible = 0;
			defaultConfigurationName = Release;
		};
/* End XCConfigurationList section */
	};
	rootObject = 78843E3E2C9990400021B01A /* Project object */;
}
